
Microsoft Visual Studio Solution File, Format Version 12.00
# Visual Studio Version 16
VisualStudioVersion = 16.0.29709.97
MinimumVisualStudioVersion = 10.0.40219.1
Project("{FAE04EC0-301F-11D3-BF4B-00C04F79EFBC}") = "UST_ProjectManagement", "UST_ProjectManagement\UST_ProjectManagement.csproj", "{2AF304A4-9F28-47D1-91D4-E1FF14CAEF47}"
EndProject
Global
	GlobalSection(SolutionConfigurationPlatforms) = preSolution
		Debug|Any CPU = Debug|Any CPU
		Release|Any CPU = Release|Any CPU
	EndGlobalSection
	GlobalSection(ProjectConfigurationPlatforms) = postSolution
		{2AF304A4-9F28-47D1-91D4-E1FF14CAEF47}.Debug|Any CPU.ActiveCfg = Debug|Any CPU
		{2AF304A4-9F28-47D1-91D4-E1FF14CAEF47}.Debug|Any CPU.Build.0 = Debug|Any CPU
		{2AF304A4-9F28-47D1-91D4-E1FF14CAEF47}.Release|Any CPU.ActiveCfg = Release|Any CPU
		{2AF304A4-9F28-47D1-91D4-E1FF14CAEF47}.Release|Any CPU.Build.0 = Release|Any CPU
	EndGlobalSection
	GlobalSection(SolutionProperties) = preSolution
		HideSolutionNode = FALSE
	EndGlobalSection
	GlobalSection(ExtensibilityGlobals) = postSolution
		SolutionGuid = {3CC43B2F-C47B-4A62-B912-8981160DAB1C}
	EndGlobalSection
EndGlobal
